
Microsoft Visual Studio Solution File, Format Version 12.00
# Visual Studio Version 17
VisualStudioVersion = 17.0.31903.59
MinimumVisualStudioVersion = 10.0.40219.1
Project("{FAE04EC0-301F-11D3-BF4B-00C04F79EFBC}") = "Elixia.Api", "Elixia.Api\Elixia.Api.csproj", "{A7FF6582-5D1E-496F-B3EE-2947DB63DE6E}"
EndProject
Project("{FAE04EC0-301F-11D3-BF4B-00C04F79EFBC}") = "Elixia.Core", "Elixia.Core\Elixia.Core.csproj", "{408FA5A6-52BF-4911-B031-8DBAC3710DF4}"
EndProject
Project("{FAE04EC0-301F-11D3-BF4B-00C04F79EFBC}") = "Elixia.Infrastructure", "Elixia.Infrastructure\Elixia.Infrastructure.csproj", "{EB12D9AD-A100-4CF5-8362-92526C8C59E0}"
EndProject
Project("{FAE04EC0-301F-11D3-BF4B-00C04F79EFBC}") = "Elixia.Tests", "Elixia.Tests\Elixia.Tests.csproj", "{5F8003D3-A2FC-4EB1-9128-D9EB6ABD7705}"
EndProject
Global
	GlobalSection(SolutionConfigurationPlatforms) = preSolution
		Debug|Any CPU = Debug|Any CPU
		Release|Any CPU = Release|Any CPU
	EndGlobalSection
	GlobalSection(SolutionProperties) = preSolution
		HideSolutionNode = FALSE
	EndGlobalSection
	GlobalSection(ProjectConfigurationPlatforms) = postSolution
		{A7FF6582-5D1E-496F-B3EE-2947DB63DE6E}.Debug|Any CPU.ActiveCfg = Debug|Any CPU
		{A7FF6582-5D1E-496F-B3EE-2947DB63DE6E}.Debug|Any CPU.Build.0 = Debug|Any CPU
		{A7FF6582-5D1E-496F-B3EE-2947DB63DE6E}.Release|Any CPU.ActiveCfg = Release|Any CPU
		{A7FF6582-5D1E-496F-B3EE-2947DB63DE6E}.Release|Any CPU.Build.0 = Release|Any CPU
		{408FA5A6-52BF-4911-B031-8DBAC3710DF4}.Debug|Any CPU.ActiveCfg = Debug|Any CPU
		{408FA5A6-52BF-4911-B031-8DBAC3710DF4}.Debug|Any CPU.Build.0 = Debug|Any CPU
		{408FA5A6-52BF-4911-B031-8DBAC3710DF4}.Release|Any CPU.ActiveCfg = Release|Any CPU
		{408FA5A6-52BF-4911-B031-8DBAC3710DF4}.Release|Any CPU.Build.0 = Release|Any CPU
		{EB12D9AD-A100-4CF5-8362-92526C8C59E0}.Debug|Any CPU.ActiveCfg = Debug|Any CPU
		{EB12D9AD-A100-4CF5-8362-92526C8C59E0}.Debug|Any CPU.Build.0 = Debug|Any CPU
		{EB12D9AD-A100-4CF5-8362-92526C8C59E0}.Release|Any CPU.ActiveCfg = Release|Any CPU
		{EB12D9AD-A100-4CF5-8362-92526C8C59E0}.Release|Any CPU.Build.0 = Release|Any CPU
		{5F8003D3-A2FC-4EB1-9128-D9EB6ABD7705}.Debug|Any CPU.ActiveCfg = Debug|Any CPU
		{5F8003D3-A2FC-4EB1-9128-D9EB6ABD7705}.Debug|Any CPU.Build.0 = Debug|Any CPU
		{5F8003D3-A2FC-4EB1-9128-D9EB6ABD7705}.Release|Any CPU.ActiveCfg = Release|Any CPU
		{5F8003D3-A2FC-4EB1-9128-D9EB6ABD7705}.Release|Any CPU.Build.0 = Release|Any CPU
	EndGlobalSection
EndGlobal
